
Microsoft Visual Studio Solution File, Format Version 12.00
# Visual Studio Version 16
VisualStudioVersion = 16.0.30621.155
MinimumVisualStudioVersion = 10.0.40219.1
Project("{FAE04EC0-301F-11D3-BF4B-00C04F79EFBC}") = "01_Types", "01_Types\01_Types.csproj", "{2F524CA8-1DE8-453A-A6EE-4A868BDFD207}"
EndProject
Project("{FAE04EC0-301F-11D3-BF4B-00C04F79EFBC}") = "02_Condionals", "02_Condionals\02_Condionals.csproj", "{3F2CFDDF-E06B-41E8-935E-02B2E382F3EA}"
EndProject
Project("{FAE04EC0-301F-11D3-BF4B-00C04F79EFBC}") = "03_Loops", "03_Loops\03_Loops.csproj", "{2D1D302A-02DE-4692-BFAF-5A7D0962BEE8}"
EndProject
Project("{FAE04EC0-301F-11D3-BF4B-00C04F79EFBC}") = "04_Methods", "04_Methods\04_Methods.csproj", "{25B9D420-464B-4976-A298-7AEE5DCB6CAB}"
EndProject
Project("{FAE04EC0-301F-11D3-BF4B-00C04F79EFBC}") = "05_Classes", "05_Classes\05_Classes.csproj", "{FCD74E6E-3519-4C04-815A-5DF27E38387F}"
EndProject
Project("{FAE04EC0-301F-11D3-BF4B-00C04F79EFBC}") = "ToolBoxDemo", "ToolBoxDemo\ToolBoxDemo\ToolBoxDemo.csproj", "{383FECA1-A4D5-44E3-9746-8680C4EAB723}"
EndProject
Project("{FAE04EC0-301F-11D3-BF4B-00C04F79EFBC}") = "06_Repositorypattern_Repository", "06_Repositorypattern_Repository\06_Repositorypattern_Repository.csproj", "{486BFC9A-8F10-45BE-BA31-8732086E4502}"
EndProject
Project("{FAE04EC0-301F-11D3-BF4B-00C04F79EFBC}") = "06_RepositoryPattern_Console", "06_RepositoryPattern_Repository_Console\06_RepositoryPattern_Console.csproj", "{13AF3D61-3ED9-43A1-B299-0E9945FF7B04}"
EndProject
Project("{FAE04EC0-301F-11D3-BF4B-00C04F79EFBC}") = "06_RepositoryPattern_Tests", "06_RepositoryPattern_Tests\06_RepositoryPattern_Tests.csproj", "{6FEC6160-606C-429F-884F-78B47A8B5F01}"
EndProject
Project("{FAE04EC0-301F-11D3-BF4B-00C04F79EFBC}") = "04_Methodss", "04_Methodss\04_Methodss.csproj", "{2157C09F-A7F3-4025-BB9B-5642F1FF4384}"
EndProject
Project("{FAE04EC0-301F-11D3-BF4B-00C04F79EFBC}") = "05_Classess", "05_Classess\05_Classess.csproj", "{A10CE67B-898F-4668-80AC-877AF2B31769}"
EndProject
Project("{FAE04EC0-301F-11D3-BF4B-00C04F79EFBC}") = "0602_RepositoryPattern_Repository", "0602_RepositoryPattern_Repository\0602_RepositoryPattern_Repository.csproj", "{1D4D08E9-B2F6-4139-ADA1-D53A87FB22FB}"
EndProject
Project("{FAE04EC0-301F-11D3-BF4B-00C04F79EFBC}") = "0602_RepositoryPattern_Console", "0602_RepositoryPattern_Console\0602_RepositoryPattern_Console.csproj", "{45ECFF6A-E968-4458-A078-9C56D65199F4}"
EndProject
Project("{FAE04EC0-301F-11D3-BF4B-00C04F79EFBC}") = "0602_RepositoryPattern_Tests", "0602_RepositoryPattern_Tests\0602_RepositoryPattern_Tests.csproj", "{1798DB07-B3B4-4EA4-A663-7B19A18E887C}"
EndProject
Project("{FAE04EC0-301F-11D3-BF4B-00C04F79EFBC}") = "Practice", "Practice\Practice.csproj", "{5E983459-45BB-46A2-A697-E597E7E93564}"
EndProject
Project("{FAE04EC0-301F-11D3-BF4B-00C04F79EFBC}") = "62StreaminContent_Repository", "62StreaminContent_Repository\62StreaminContent_Repository.csproj", "{CF497BA1-DCCD-46A5-A4C6-E3DAC7E224DC}"
EndProject
Project("{FAE04EC0-301F-11D3-BF4B-00C04F79EFBC}") = "62_StreamingContent_Console", "62_StreamingContent_Console\62_StreamingContent_Console.csproj", "{B63064A0-0041-4F8E-81A9-34B2F4FB60E9}"
EndProject
Project("{FAE04EC0-301F-11D3-BF4B-00C04F79EFBC}") = "62_StreamingContent_Test", "62_StreamingContent_Test\62_StreamingContent_Test.csproj", "{4B16D3A9-90C6-49D1-B752-6B44C9BD31B0}"
EndProject
Project("{FAE04EC0-301F-11D3-BF4B-00C04F79EFBC}") = "07_ Inheritance", "07_ Inheritance\07_ Inheritance.csproj", "{D2ECFCB6-3472-4D1F-B426-C1BCBAA31876}"
EndProject
Global
	GlobalSection(SolutionConfigurationPlatforms) = preSolution
		Debug|Any CPU = Debug|Any CPU
		Release|Any CPU = Release|Any CPU
	EndGlobalSection
	GlobalSection(ProjectConfigurationPlatforms) = postSolution
		{2F524CA8-1DE8-453A-A6EE-4A868BDFD207}.Debug|Any CPU.ActiveCfg = Debug|Any CPU
		{2F524CA8-1DE8-453A-A6EE-4A868BDFD207}.Debug|Any CPU.Build.0 = Debug|Any CPU
		{2F524CA8-1DE8-453A-A6EE-4A868BDFD207}.Release|Any CPU.ActiveCfg = Release|Any CPU
		{2F524CA8-1DE8-453A-A6EE-4A868BDFD207}.Release|Any CPU.Build.0 = Release|Any CPU
		{3F2CFDDF-E06B-41E8-935E-02B2E382F3EA}.Debug|Any CPU.ActiveCfg = Debug|Any CPU
		{3F2CFDDF-E06B-41E8-935E-02B2E382F3EA}.Debug|Any CPU.Build.0 = Debug|Any CPU
		{3F2CFDDF-E06B-41E8-935E-02B2E382F3EA}.Release|Any CPU.ActiveCfg = Release|Any CPU
		{3F2CFDDF-E06B-41E8-935E-02B2E382F3EA}.Release|Any CPU.Build.0 = Release|Any CPU
		{2D1D302A-02DE-4692-BFAF-5A7D0962BEE8}.Debug|Any CPU.ActiveCfg = Debug|Any CPU
		{2D1D302A-02DE-4692-BFAF-5A7D0962BEE8}.Debug|Any CPU.Build.0 = Debug|Any CPU
		{2D1D302A-02DE-4692-BFAF-5A7D0962BEE8}.Release|Any CPU.ActiveCfg = Release|Any CPU
		{2D1D302A-02DE-4692-BFAF-5A7D0962BEE8}.Release|Any CPU.Build.0 = Release|Any CPU
		{25B9D420-464B-4976-A298-7AEE5DCB6CAB}.Debug|Any CPU.ActiveCfg = Debug|Any CPU
		{25B9D420-464B-4976-A298-7AEE5DCB6CAB}.Debug|Any CPU.Build.0 = Debug|Any CPU
		{25B9D420-464B-4976-A298-7AEE5DCB6CAB}.Release|Any CPU.ActiveCfg = Release|Any CPU
		{25B9D420-464B-4976-A298-7AEE5DCB6CAB}.Release|Any CPU.Build.0 = Release|Any CPU
		{FCD74E6E-3519-4C04-815A-5DF27E38387F}.Debug|Any CPU.ActiveCfg = Debug|Any CPU
		{FCD74E6E-3519-4C04-815A-5DF27E38387F}.Debug|Any CPU.Build.0 = Debug|Any CPU
		{FCD74E6E-3519-4C04-815A-5DF27E38387F}.Release|Any CPU.ActiveCfg = Release|Any CPU
		{FCD74E6E-3519-4C04-815A-5DF27E38387F}.Release|Any CPU.Build.0 = Release|Any CPU
		{383FECA1-A4D5-44E3-9746-8680C4EAB723}.Debug|Any CPU.ActiveCfg = Debug|Any CPU
		{383FECA1-A4D5-44E3-9746-8680C4EAB723}.Debug|Any CPU.Build.0 = Debug|Any CPU
		{383FECA1-A4D5-44E3-9746-8680C4EAB723}.Release|Any CPU.ActiveCfg = Release|Any CPU
		{383FECA1-A4D5-44E3-9746-8680C4EAB723}.Release|Any CPU.Build.0 = Release|Any CPU
		{486BFC9A-8F10-45BE-BA31-8732086E4502}.Debug|Any CPU.ActiveCfg = Debug|Any CPU
		{486BFC9A-8F10-45BE-BA31-8732086E4502}.Debug|Any CPU.Build.0 = Debug|Any CPU
		{486BFC9A-8F10-45BE-BA31-8732086E4502}.Release|Any CPU.ActiveCfg = Release|Any CPU
		{486BFC9A-8F10-45BE-BA31-8732086E4502}.Release|Any CPU.Build.0 = Release|Any CPU
		{13AF3D61-3ED9-43A1-B299-0E9945FF7B04}.Debug|Any CPU.ActiveCfg = Debug|Any CPU
		{13AF3D61-3ED9-43A1-B299-0E9945FF7B04}.Debug|Any CPU.Build.0 = Debug|Any CPU
		{13AF3D61-3ED9-43A1-B299-0E9945FF7B04}.Release|Any CPU.ActiveCfg = Release|Any CPU
		{13AF3D61-3ED9-43A1-B299-0E9945FF7B04}.Release|Any CPU.Build.0 = Release|Any CPU
		{6FEC6160-606C-429F-884F-78B47A8B5F01}.Debug|Any CPU.ActiveCfg = Debug|Any CPU
		{6FEC6160-606C-429F-884F-78B47A8B5F01}.Debug|Any CPU.Build.0 = Debug|Any CPU
		{6FEC6160-606C-429F-884F-78B47A8B5F01}.Release|Any CPU.ActiveCfg = Release|Any CPU
		{6FEC6160-606C-429F-884F-78B47A8B5F01}.Release|Any CPU.Build.0 = Release|Any CPU
		{2157C09F-A7F3-4025-BB9B-5642F1FF4384}.Debug|Any CPU.ActiveCfg = Debug|Any CPU
		{2157C09F-A7F3-4025-BB9B-5642F1FF4384}.Debug|Any CPU.Build.0 = Debug|Any CPU
		{2157C09F-A7F3-4025-BB9B-5642F1FF4384}.Release|Any CPU.ActiveCfg = Release|Any CPU
		{2157C09F-A7F3-4025-BB9B-5642F1FF4384}.Release|Any CPU.Build.0 = Release|Any CPU
		{A10CE67B-898F-4668-80AC-877AF2B31769}.Debug|Any CPU.ActiveCfg = Debug|Any CPU
		{A10CE67B-898F-4668-80AC-877AF2B31769}.Debug|Any CPU.Build.0 = Debug|Any CPU
		{A10CE67B-898F-4668-80AC-877AF2B31769}.Release|Any CPU.ActiveCfg = Release|Any CPU
		{A10CE67B-898F-4668-80AC-877AF2B31769}.Release|Any CPU.Build.0 = Release|Any CPU
		{1D4D08E9-B2F6-4139-ADA1-D53A87FB22FB}.Debug|Any CPU.ActiveCfg = Debug|Any CPU
		{1D4D08E9-B2F6-4139-ADA1-D53A87FB22FB}.Debug|Any CPU.Build.0 = Debug|Any CPU
		{1D4D08E9-B2F6-4139-ADA1-D53A87FB22FB}.Release|Any CPU.ActiveCfg = Release|Any CPU
		{1D4D08E9-B2F6-4139-ADA1-D53A87FB22FB}.Release|Any CPU.Build.0 = Release|Any CPU
		{45ECFF6A-E968-4458-A078-9C56D65199F4}.Debug|Any CPU.ActiveCfg = Debug|Any CPU
		{45ECFF6A-E968-4458-A078-9C56D65199F4}.Debug|Any CPU.Build.0 = Debug|Any CPU
		{45ECFF6A-E968-4458-A078-9C56D65199F4}.Release|Any CPU.ActiveCfg = Release|Any CPU
		{45ECFF6A-E968-4458-A078-9C56D65199F4}.Release|Any CPU.Build.0 = Release|Any CPU
		{1798DB07-B3B4-4EA4-A663-7B19A18E887C}.Debug|Any CPU.ActiveCfg = Debug|Any CPU
		{1798DB07-B3B4-4EA4-A663-7B19A18E887C}.Debug|Any CPU.Build.0 = Debug|Any CPU
		{1798DB07-B3B4-4EA4-A663-7B19A18E887C}.Release|Any CPU.ActiveCfg = Release|Any CPU
		{1798DB07-B3B4-4EA4-A663-7B19A18E887C}.Release|Any CPU.Build.0 = Release|Any CPU
		{5E983459-45BB-46A2-A697-E597E7E93564}.Debug|Any CPU.ActiveCfg = Debug|Any CPU
		{5E983459-45BB-46A2-A697-E597E7E93564}.Debug|Any CPU.Build.0 = Debug|Any CPU
		{5E983459-45BB-46A2-A697-E597E7E93564}.Release|Any CPU.ActiveCfg = Release|Any CPU
		{5E983459-45BB-46A2-A697-E597E7E93564}.Release|Any CPU.Build.0 = Release|Any CPU
		{CF497BA1-DCCD-46A5-A4C6-E3DAC7E224DC}.Debug|Any CPU.ActiveCfg = Debug|Any CPU
		{CF497BA1-DCCD-46A5-A4C6-E3DAC7E224DC}.Debug|Any CPU.Build.0 = Debug|Any CPU
		{CF497BA1-DCCD-46A5-A4C6-E3DAC7E224DC}.Release|Any CPU.ActiveCfg = Release|Any CPU
		{CF497BA1-DCCD-46A5-A4C6-E3DAC7E224DC}.Release|Any CPU.Build.0 = Release|Any CPU
		{B63064A0-0041-4F8E-81A9-34B2F4FB60E9}.Debug|Any CPU.ActiveCfg = Debug|Any CPU
		{B63064A0-0041-4F8E-81A9-34B2F4FB60E9}.Debug|Any CPU.Build.0 = Debug|Any CPU
		{B63064A0-0041-4F8E-81A9-34B2F4FB60E9}.Release|Any CPU.ActiveCfg = Release|Any CPU
		{B63064A0-0041-4F8E-81A9-34B2F4FB60E9}.Release|Any CPU.Build.0 = Release|Any CPU
		{4B16D3A9-90C6-49D1-B752-6B44C9BD31B0}.Debug|Any CPU.ActiveCfg = Debug|Any CPU
		{4B16D3A9-90C6-49D1-B752-6B44C9BD31B0}.Debug|Any CPU.Build.0 = Debug|Any CPU
		{4B16D3A9-90C6-49D1-B752-6B44C9BD31B0}.Release|Any CPU.ActiveCfg = Release|Any CPU
		{4B16D3A9-90C6-49D1-B752-6B44C9BD31B0}.Release|Any CPU.Build.0 = Release|Any CPU
		{D2ECFCB6-3472-4D1F-B426-C1BCBAA31876}.Debug|Any CPU.ActiveCfg = Debug|Any CPU
		{D2ECFCB6-3472-4D1F-B426-C1BCBAA31876}.Debug|Any CPU.Build.0 = Debug|Any CPU
		{D2ECFCB6-3472-4D1F-B426-C1BCBAA31876}.Release|Any CPU.ActiveCfg = Release|Any CPU
		{D2ECFCB6-3472-4D1F-B426-C1BCBAA31876}.Release|Any CPU.Build.0 = Release|Any CPU
	EndGlobalSection
	GlobalSection(SolutionProperties) = preSolution
		HideSolutionNode = FALSE
	EndGlobalSection
	GlobalSection(ExtensibilityGlobals) = postSolution
		SolutionGuid = {ADDE4E6D-002E-4DF5-96E4-7EA0A88CF241}
	EndGlobalSection
EndGlobal
